// !$*UTF8*$!
{
	archiveVersion = 1;
	classes = {
	};
	objectVersion = 56;
	objects = {

/* Begin PBXBuildFile section */
		EE0418A72A56D266000151A0 /* TextField+.swift in Sources */ = {isa = PBXBuildFile; fileRef = EE0418A62A56D266000151A0 /* TextField+.swift */; };
		EE41EF982A5453C9007EF832 /* Button+.swift in Sources */ = {isa = PBXBuildFile; fileRef = EE41EF972A5453C9007EF832 /* Button+.swift */; };
		EE41EF9B2A545B11007EF832 /* LoginRegisterView.swift in Sources */ = {isa = PBXBuildFile; fileRef = EE41EF9A2A545B11007EF832 /* LoginRegisterView.swift */; };
		EE4BCF902A517C6E00575C70 /* .swiftlint.yml in Resources */ = {isa = PBXBuildFile; fileRef = EE4BCF8F2A517C6E00575C70 /* .swiftlint.yml */; };
		EEB896242A51A4B7009A7960 /* Poppins-Bold.ttf in Resources */ = {isa = PBXBuildFile; fileRef = EEB896222A51A4B7009A7960 /* Poppins-Bold.ttf */; };
		EEB896252A51A4B7009A7960 /* Poppins-Regular.ttf in Resources */ = {isa = PBXBuildFile; fileRef = EEB896232A51A4B7009A7960 /* Poppins-Regular.ttf */; };
		EEB896292A51A554009A7960 /* UIFont+Style.swift in Sources */ = {isa = PBXBuildFile; fileRef = EEB896282A51A554009A7960 /* UIFont+Style.swift */; };
		EEC8F30D2A5187E600AFC6AE /* swiftgen.yml in Resources */ = {isa = PBXBuildFile; fileRef = EEC8F30C2A5187E600AFC6AE /* swiftgen.yml */; };
		EED1E6BB2A51CA3100A53D52 /* SplashView.swift in Sources */ = {isa = PBXBuildFile; fileRef = EED1E6BA2A51CA3100A53D52 /* SplashView.swift */; };
		EEF154A42A51937B007A3641 /* UIImage.Generated.swift in Sources */ = {isa = PBXBuildFile; fileRef = EEF154A32A51937B007A3641 /* UIImage.Generated.swift */; };
		EEF154BA2A519A8D007A3641 /* Strings+Generated.swift in Sources */ = {isa = PBXBuildFile; fileRef = EEF154B92A519A8D007A3641 /* Strings+Generated.swift */; };
		EEF154BC2A519A98007A3641 /* UIColors.Generated.swift in Sources */ = {isa = PBXBuildFile; fileRef = EEF154BB2A519A98007A3641 /* UIColors.Generated.swift */; };
		EEF154BE2A519ACC007A3641 /* Colors.xcassets in Resources */ = {isa = PBXBuildFile; fileRef = EEF154BD2A519ACC007A3641 /* Colors.xcassets */; };
		EEF154C22A519B21007A3641 /* Localizable.strings in Resources */ = {isa = PBXBuildFile; fileRef = EEF154C42A519B21007A3641 /* Localizable.strings */; };
		EEF680572A50238B00F43C4F /* Food_Recipe_SwiftUiApp.swift in Sources */ = {isa = PBXBuildFile; fileRef = EEF680562A50238B00F43C4F /* Food_Recipe_SwiftUiApp.swift */; };
		EEF6805B2A50238C00F43C4F /* Assets.xcassets in Resources */ = {isa = PBXBuildFile; fileRef = EEF6805A2A50238C00F43C4F /* Assets.xcassets */; };
		EEF680682A50238C00F43C4F /* Food_Recipe_SwiftUiTests.swift in Sources */ = {isa = PBXBuildFile; fileRef = EEF680672A50238C00F43C4F /* Food_Recipe_SwiftUiTests.swift */; };
		EEF680722A50238C00F43C4F /* Food_Recipe_SwiftUiUITests.swift in Sources */ = {isa = PBXBuildFile; fileRef = EEF680712A50238C00F43C4F /* Food_Recipe_SwiftUiUITests.swift */; };
		EEF680742A50238C00F43C4F /* Food_Recipe_SwiftUiUITestsLaunchTests.swift in Sources */ = {isa = PBXBuildFile; fileRef = EEF680732A50238C00F43C4F /* Food_Recipe_SwiftUiUITestsLaunchTests.swift */; };
		EEF9A3642A5460E2007A9E64 /* LoginRegisterViewModel.swift in Sources */ = {isa = PBXBuildFile; fileRef = EEF9A3632A5460E2007A9E64 /* LoginRegisterViewModel.swift */; };
/* End PBXBuildFile section */

/* Begin PBXContainerItemProxy section */
		EEF680642A50238C00F43C4F /* PBXContainerItemProxy */ = {
			isa = PBXContainerItemProxy;
			containerPortal = EEF6804B2A50238B00F43C4F /* Project object */;
			proxyType = 1;
			remoteGlobalIDString = EEF680522A50238B00F43C4F;
			remoteInfo = "Food-Recipe-SwiftUi";
		};
		EEF6806E2A50238C00F43C4F /* PBXContainerItemProxy */ = {
			isa = PBXContainerItemProxy;
			containerPortal = EEF6804B2A50238B00F43C4F /* Project object */;
			proxyType = 1;
			remoteGlobalIDString = EEF680522A50238B00F43C4F;
			remoteInfo = "Food-Recipe-SwiftUi";
		};
/* End PBXContainerItemProxy section */

/* Begin PBXFileReference section */
		EE0418A62A56D266000151A0 /* TextField+.swift */ = {isa = PBXFileReference; lastKnownFileType = sourcecode.swift; path = "TextField+.swift"; sourceTree = "<group>"; };
		EE41EF972A5453C9007EF832 /* Button+.swift */ = {isa = PBXFileReference; lastKnownFileType = sourcecode.swift; path = "Button+.swift"; sourceTree = "<group>"; };
		EE41EF9A2A545B11007EF832 /* LoginRegisterView.swift */ = {isa = PBXFileReference; lastKnownFileType = sourcecode.swift; path = LoginRegisterView.swift; sourceTree = "<group>"; };
		EE4BCF8F2A517C6E00575C70 /* .swiftlint.yml */ = {isa = PBXFileReference; fileEncoding = 4; lastKnownFileType = text.yaml; path = .swiftlint.yml; sourceTree = "<group>"; };
		EEB896222A51A4B7009A7960 /* Poppins-Bold.ttf */ = {isa = PBXFileReference; lastKnownFileType = file; path = "Poppins-Bold.ttf"; sourceTree = "<group>"; };
		EEB896232A51A4B7009A7960 /* Poppins-Regular.ttf */ = {isa = PBXFileReference; lastKnownFileType = file; path = "Poppins-Regular.ttf"; sourceTree = "<group>"; };
		EEB896282A51A554009A7960 /* UIFont+Style.swift */ = {isa = PBXFileReference; fileEncoding = 4; lastKnownFileType = sourcecode.swift; path = "UIFont+Style.swift"; sourceTree = "<group>"; };
		EEC8F30C2A5187E600AFC6AE /* swiftgen.yml */ = {isa = PBXFileReference; fileEncoding = 4; lastKnownFileType = text.yaml; path = swiftgen.yml; sourceTree = "<group>"; };
		EED1E6BA2A51CA3100A53D52 /* SplashView.swift */ = {isa = PBXFileReference; lastKnownFileType = sourcecode.swift; path = SplashView.swift; sourceTree = "<group>"; };
		EEF154A32A51937B007A3641 /* UIImage.Generated.swift */ = {isa = PBXFileReference; lastKnownFileType = sourcecode.swift; path = UIImage.Generated.swift; sourceTree = "<group>"; };
		EEF154B92A519A8D007A3641 /* Strings+Generated.swift */ = {isa = PBXFileReference; lastKnownFileType = sourcecode.swift; path = "Strings+Generated.swift"; sourceTree = "<group>"; };
		EEF154BB2A519A98007A3641 /* UIColors.Generated.swift */ = {isa = PBXFileReference; lastKnownFileType = sourcecode.swift; path = UIColors.Generated.swift; sourceTree = "<group>"; };
		EEF154BD2A519ACC007A3641 /* Colors.xcassets */ = {isa = PBXFileReference; lastKnownFileType = folder.assetcatalog; path = Colors.xcassets; sourceTree = "<group>"; };
		EEF154C32A519B21007A3641 /* en */ = {isa = PBXFileReference; lastKnownFileType = text.plist.strings; name = en; path = en.lproj/Localizable.strings; sourceTree = "<group>"; };
		EEF154C52A519B25007A3641 /* ar */ = {isa = PBXFileReference; lastKnownFileType = text.plist.strings; name = ar; path = ar.lproj/Localizable.strings; sourceTree = "<group>"; };
		EEF680532A50238B00F43C4F /* Food-Recipe-SwiftUi.app */ = {isa = PBXFileReference; explicitFileType = wrapper.application; includeInIndex = 0; path = "Food-Recipe-SwiftUi.app"; sourceTree = BUILT_PRODUCTS_DIR; };
		EEF680562A50238B00F43C4F /* Food_Recipe_SwiftUiApp.swift */ = {isa = PBXFileReference; lastKnownFileType = sourcecode.swift; path = Food_Recipe_SwiftUiApp.swift; sourceTree = "<group>"; };
		EEF6805A2A50238C00F43C4F /* Assets.xcassets */ = {isa = PBXFileReference; lastKnownFileType = folder.assetcatalog; path = Assets.xcassets; sourceTree = "<group>"; };
		EEF680632A50238C00F43C4F /* Food-Recipe-SwiftUiTests.xctest */ = {isa = PBXFileReference; explicitFileType = wrapper.cfbundle; includeInIndex = 0; path = "Food-Recipe-SwiftUiTests.xctest"; sourceTree = BUILT_PRODUCTS_DIR; };
		EEF680672A50238C00F43C4F /* Food_Recipe_SwiftUiTests.swift */ = {isa = PBXFileReference; lastKnownFileType = sourcecode.swift; path = Food_Recipe_SwiftUiTests.swift; sourceTree = "<group>"; };
		EEF6806D2A50238C00F43C4F /* Food-Recipe-SwiftUiUITests.xctest */ = {isa = PBXFileReference; explicitFileType = wrapper.cfbundle; includeInIndex = 0; path = "Food-Recipe-SwiftUiUITests.xctest"; sourceTree = BUILT_PRODUCTS_DIR; };
		EEF680712A50238C00F43C4F /* Food_Recipe_SwiftUiUITests.swift */ = {isa = PBXFileReference; lastKnownFileType = sourcecode.swift; path = Food_Recipe_SwiftUiUITests.swift; sourceTree = "<group>"; };
		EEF680732A50238C00F43C4F /* Food_Recipe_SwiftUiUITestsLaunchTests.swift */ = {isa = PBXFileReference; lastKnownFileType = sourcecode.swift; path = Food_Recipe_SwiftUiUITestsLaunchTests.swift; sourceTree = "<group>"; };
		EEF9A3632A5460E2007A9E64 /* LoginRegisterViewModel.swift */ = {isa = PBXFileReference; lastKnownFileType = sourcecode.swift; path = LoginRegisterViewModel.swift; sourceTree = "<group>"; };
/* End PBXFileReference section */

/* Begin PBXFrameworksBuildPhase section */
		EEF680502A50238B00F43C4F /* Frameworks */ = {
			isa = PBXFrameworksBuildPhase;
			buildActionMask = 2147483647;
			files = (
			);
			runOnlyForDeploymentPostprocessing = 0;
		};
		EEF680602A50238C00F43C4F /* Frameworks */ = {
			isa = PBXFrameworksBuildPhase;
			buildActionMask = 2147483647;
			files = (
			);
			runOnlyForDeploymentPostprocessing = 0;
		};
		EEF6806A2A50238C00F43C4F /* Frameworks */ = {
			isa = PBXFrameworksBuildPhase;
			buildActionMask = 2147483647;
			files = (
			);
			runOnlyForDeploymentPostprocessing = 0;
		};
/* End PBXFrameworksBuildPhase section */

/* Begin PBXGroup section */
		EE41EF952A5453AA007EF832 /* Modules */ = {
			isa = PBXGroup;
			children = (
				EED1E6B92A51CA1D00A53D52 /* Onboarding */,
			);
			path = Modules;
			sourceTree = "<group>";
		};
		EE41EF962A5453BA007EF832 /* Extensions */ = {
			isa = PBXGroup;
			children = (
				EE41EF972A5453C9007EF832 /* Button+.swift */,
				EE0418A62A56D266000151A0 /* TextField+.swift */,
			);
			path = Extensions;
			sourceTree = "<group>";
		};
		EE41EF992A545AFE007EF832 /* Login */ = {
			isa = PBXGroup;
			children = (
				EE41EF9A2A545B11007EF832 /* LoginRegisterView.swift */,
				EEF9A3632A5460E2007A9E64 /* LoginRegisterViewModel.swift */,
			);
			path = Login;
			sourceTree = "<group>";
		};
		EEB896212A51A4B0009A7960 /* Fonts */ = {
			isa = PBXGroup;
			children = (
				EEB896282A51A554009A7960 /* UIFont+Style.swift */,
				EEB896222A51A4B7009A7960 /* Poppins-Bold.ttf */,
				EEB896232A51A4B7009A7960 /* Poppins-Regular.ttf */,
			);
			path = Fonts;
			sourceTree = "<group>";
		};
		EEB8962B2A51A9CF009A7960 /* App */ = {
			isa = PBXGroup;
			children = (
				EE41EF962A5453BA007EF832 /* Extensions */,
				EE41EF952A5453AA007EF832 /* Modules */,
			);
			path = App;
			sourceTree = "<group>";
		};
		EEC8F30E2A51881E00AFC6AE /* Generated */ = {
			isa = PBXGroup;
			children = (
				EEF154A32A51937B007A3641 /* UIImage.Generated.swift */,
				EEF154BB2A519A98007A3641 /* UIColors.Generated.swift */,
				EEF154B92A519A8D007A3641 /* Strings+Generated.swift */,
			);
			path = Generated;
			sourceTree = "<group>";
		};
		EEC8F30F2A51886B00AFC6AE /* Resources */ = {
			isa = PBXGroup;
			children = (
				EEB896212A51A4B0009A7960 /* Fonts */,
				EEC8F30E2A51881E00AFC6AE /* Generated */,
				EEF154BF2A519B01007A3641 /* Localization */,
				EEF6805A2A50238C00F43C4F /* Assets.xcassets */,
				EEF154BD2A519ACC007A3641 /* Colors.xcassets */,
			);
			path = Resources;
			sourceTree = "<group>";
		};
		EED1E6B92A51CA1D00A53D52 /* Onboarding */ = {
			isa = PBXGroup;
			children = (
				EED1E6BA2A51CA3100A53D52 /* SplashView.swift */,
				EE41EF992A545AFE007EF832 /* Login */,
			);
			path = Onboarding;
			sourceTree = "<group>";
		};
		EEF154BF2A519B01007A3641 /* Localization */ = {
			isa = PBXGroup;
			children = (
				EEF154C42A519B21007A3641 /* Localizable.strings */,
			);
			path = Localization;
			sourceTree = "<group>";
		};
		EEF6804A2A50238B00F43C4F = {
			isa = PBXGroup;
			children = (
				EEC8F30C2A5187E600AFC6AE /* swiftgen.yml */,
				EE4BCF8F2A517C6E00575C70 /* .swiftlint.yml */,
				EEF680552A50238B00F43C4F /* Food-Recipe-SwiftUi */,
				EEF680662A50238C00F43C4F /* Food-Recipe-SwiftUiTests */,
				EEF680702A50238C00F43C4F /* Food-Recipe-SwiftUiUITests */,
				EEF680542A50238B00F43C4F /* Products */,
			);
			sourceTree = "<group>";
		};
		EEF680542A50238B00F43C4F /* Products */ = {
			isa = PBXGroup;
			children = (
				EEF680532A50238B00F43C4F /* Food-Recipe-SwiftUi.app */,
				EEF680632A50238C00F43C4F /* Food-Recipe-SwiftUiTests.xctest */,
				EEF6806D2A50238C00F43C4F /* Food-Recipe-SwiftUiUITests.xctest */,
			);
			name = Products;
			sourceTree = "<group>";
		};
		EEF680552A50238B00F43C4F /* Food-Recipe-SwiftUi */ = {
			isa = PBXGroup;
			children = (
				EEB8962B2A51A9CF009A7960 /* App */,
				EEC8F30F2A51886B00AFC6AE /* Resources */,
				EEF680562A50238B00F43C4F /* Food_Recipe_SwiftUiApp.swift */,
			);
			path = "Food-Recipe-SwiftUi";
			sourceTree = "<group>";
		};
		EEF680662A50238C00F43C4F /* Food-Recipe-SwiftUiTests */ = {
			isa = PBXGroup;
			children = (
				EEF680672A50238C00F43C4F /* Food_Recipe_SwiftUiTests.swift */,
			);
			path = "Food-Recipe-SwiftUiTests";
			sourceTree = "<group>";
		};
		EEF680702A50238C00F43C4F /* Food-Recipe-SwiftUiUITests */ = {
			isa = PBXGroup;
			children = (
				EEF680712A50238C00F43C4F /* Food_Recipe_SwiftUiUITests.swift */,
				EEF680732A50238C00F43C4F /* Food_Recipe_SwiftUiUITestsLaunchTests.swift */,
			);
			path = "Food-Recipe-SwiftUiUITests";
			sourceTree = "<group>";
		};
/* End PBXGroup section */

/* Begin PBXNativeTarget section */
		EEF680522A50238B00F43C4F /* Food-Recipe-SwiftUi */ = {
			isa = PBXNativeTarget;
			buildConfigurationList = EEF680772A50238C00F43C4F /* Build configuration list for PBXNativeTarget "Food-Recipe-SwiftUi" */;
			buildPhases = (
				EE4BCF8E2A517A9300575C70 /* swift lint */,
				EEF6804F2A50238B00F43C4F /* Sources */,
				EEF680502A50238B00F43C4F /* Frameworks */,
				EEF680512A50238B00F43C4F /* Resources */,
			);
			buildRules = (
			);
			dependencies = (
			);
			name = "Food-Recipe-SwiftUi";
			productName = "Food-Recipe-SwiftUi";
			productReference = EEF680532A50238B00F43C4F /* Food-Recipe-SwiftUi.app */;
			productType = "com.apple.product-type.application";
		};
		EEF680622A50238C00F43C4F /* Food-Recipe-SwiftUiTests */ = {
			isa = PBXNativeTarget;
			buildConfigurationList = EEF6807A2A50238C00F43C4F /* Build configuration list for PBXNativeTarget "Food-Recipe-SwiftUiTests" */;
			buildPhases = (
				EEF6805F2A50238C00F43C4F /* Sources */,
				EEF680602A50238C00F43C4F /* Frameworks */,
				EEF680612A50238C00F43C4F /* Resources */,
			);
			buildRules = (
			);
			dependencies = (
				EEF680652A50238C00F43C4F /* PBXTargetDependency */,
			);
			name = "Food-Recipe-SwiftUiTests";
			productName = "Food-Recipe-SwiftUiTests";
			productReference = EEF680632A50238C00F43C4F /* Food-Recipe-SwiftUiTests.xctest */;
			productType = "com.apple.product-type.bundle.unit-test";
		};
		EEF6806C2A50238C00F43C4F /* Food-Recipe-SwiftUiUITests */ = {
			isa = PBXNativeTarget;
			buildConfigurationList = EEF6807D2A50238C00F43C4F /* Build configuration list for PBXNativeTarget "Food-Recipe-SwiftUiUITests" */;
			buildPhases = (
				EEF680692A50238C00F43C4F /* Sources */,
				EEF6806A2A50238C00F43C4F /* Frameworks */,
				EEF6806B2A50238C00F43C4F /* Resources */,
			);
			buildRules = (
			);
			dependencies = (
				EEF6806F2A50238C00F43C4F /* PBXTargetDependency */,
			);
			name = "Food-Recipe-SwiftUiUITests";
			productName = "Food-Recipe-SwiftUiUITests";
			productReference = EEF6806D2A50238C00F43C4F /* Food-Recipe-SwiftUiUITests.xctest */;
			productType = "com.apple.product-type.bundle.ui-testing";
		};
/* End PBXNativeTarget section */

/* Begin PBXProject section */
		EEF6804B2A50238B00F43C4F /* Project object */ = {
			isa = PBXProject;
			attributes = {
				BuildIndependentTargetsInParallel = 1;
				LastSwiftUpdateCheck = 1430;
				LastUpgradeCheck = 1430;
				TargetAttributes = {
					EEF680522A50238B00F43C4F = {
						CreatedOnToolsVersion = 14.3.1;
					};
					EEF680622A50238C00F43C4F = {
						CreatedOnToolsVersion = 14.3.1;
						TestTargetID = EEF680522A50238B00F43C4F;
					};
					EEF6806C2A50238C00F43C4F = {
						CreatedOnToolsVersion = 14.3.1;
						TestTargetID = EEF680522A50238B00F43C4F;
					};
				};
			};
			buildConfigurationList = EEF6804E2A50238B00F43C4F /* Build configuration list for PBXProject "Food-Recipe-SwiftUi" */;
			compatibilityVersion = "Xcode 14.0";
			developmentRegion = en;
			hasScannedForEncodings = 0;
			knownRegions = (
				en,
				Base,
				ar,
			);
			mainGroup = EEF6804A2A50238B00F43C4F;
			productRefGroup = EEF680542A50238B00F43C4F /* Products */;
			projectDirPath = "";
			projectRoot = "";
			targets = (
				EEF680522A50238B00F43C4F /* Food-Recipe-SwiftUi */,
				EEF680622A50238C00F43C4F /* Food-Recipe-SwiftUiTests */,
				EEF6806C2A50238C00F43C4F /* Food-Recipe-SwiftUiUITests */,
			);
		};
/* End PBXProject section */

/* Begin PBXResourcesBuildPhase section */
		EEF680512A50238B00F43C4F /* Resources */ = {
			isa = PBXResourcesBuildPhase;
			buildActionMask = 2147483647;
			files = (
				EEF154C22A519B21007A3641 /* Localizable.strings in Resources */,
				EE4BCF902A517C6E00575C70 /* .swiftlint.yml in Resources */,
				EEB896242A51A4B7009A7960 /* Poppins-Bold.ttf in Resources */,
				EEF154BE2A519ACC007A3641 /* Colors.xcassets in Resources */,
				EEF6805B2A50238C00F43C4F /* Assets.xcassets in Resources */,
				EEC8F30D2A5187E600AFC6AE /* swiftgen.yml in Resources */,
				EEB896252A51A4B7009A7960 /* Poppins-Regular.ttf in Resources */,
			);
			runOnlyForDeploymentPostprocessing = 0;
		};
		EEF680612A50238C00F43C4F /* Resources */ = {
			isa = PBXResourcesBuildPhase;
			buildActionMask = 2147483647;
			files = (
			);
			runOnlyForDeploymentPostprocessing = 0;
		};
		EEF6806B2A50238C00F43C4F /* Resources */ = {
			isa = PBXResourcesBuildPhase;
			buildActionMask = 2147483647;
			files = (
			);
			runOnlyForDeploymentPostprocessing = 0;
		};
/* End PBXResourcesBuildPhase section */

/* Begin PBXShellScriptBuildPhase section */
		EE4BCF8E2A517A9300575C70 /* swift lint */ = {
			isa = PBXShellScriptBuildPhase;
			alwaysOutOfDate = 1;
			buildActionMask = 2147483647;
			files = (
			);
			inputFileListPaths = (
			);
			inputPaths = (
			);
			name = "swift lint";
			outputFileListPaths = (
			);
			outputPaths = (
			);
			runOnlyForDeploymentPostprocessing = 0;
			shellPath = /bin/sh;
			shellScript = "if [[ \"$(uname -m)\" == arm64 ]]; then\n    export PATH=\"/opt/homebrew/bin:$PATH\"\nfi\n\nif which swiftlint > /dev/null; then\n  swiftlint --fix && swiftlint --strict\nelse\n  echo \"warning: SwiftLint not installed, download from https://github.com/realm/SwiftLint\"\nfi\n";
		};
/* End PBXShellScriptBuildPhase section */

/* Begin PBXSourcesBuildPhase section */
		EEF6804F2A50238B00F43C4F /* Sources */ = {
			isa = PBXSourcesBuildPhase;
			buildActionMask = 2147483647;
			files = (
				EEB896292A51A554009A7960 /* UIFont+Style.swift in Sources */,
				EEF154A42A51937B007A3641 /* UIImage.Generated.swift in Sources */,
				EEF154BA2A519A8D007A3641 /* Strings+Generated.swift in Sources */,
				EEF154BC2A519A98007A3641 /* UIColors.Generated.swift in Sources */,
				EEF680572A50238B00F43C4F /* Food_Recipe_SwiftUiApp.swift in Sources */,
				EED1E6BB2A51CA3100A53D52 /* SplashView.swift in Sources */,
				EE41EF9B2A545B11007EF832 /* LoginRegisterView.swift in Sources */,
				EE0418A72A56D266000151A0 /* TextField+.swift in Sources */,
				EE41EF982A5453C9007EF832 /* Button+.swift in Sources */,
				EEF9A3642A5460E2007A9E64 /* LoginRegisterViewModel.swift in Sources */,
			);
			runOnlyForDeploymentPostprocessing = 0;
		};
		EEF6805F2A50238C00F43C4F /* Sources */ = {
			isa = PBXSourcesBuildPhase;
			buildActionMask = 2147483647;
			files = (
				EEF680682A50238C00F43C4F /* Food_Recipe_SwiftUiTests.swift in Sources */,
			);
			runOnlyForDeploymentPostprocessing = 0;
		};
		EEF680692A50238C00F43C4F /* Sources */ = {
			isa = PBXSourcesBuildPhase;
			buildActionMask = 2147483647;
			files = (
				EEF680742A50238C00F43C4F /* Food_Recipe_SwiftUiUITestsLaunchTests.swift in Sources */,
				EEF680722A50238C00F43C4F /* Food_Recipe_SwiftUiUITests.swift in Sources */,
			);
			runOnlyForDeploymentPostprocessing = 0;
		};
/* End PBXSourcesBuildPhase section */

/* Begin PBXTargetDependency section */
		EEF680652A50238C00F43C4F /* PBXTargetDependency */ = {
			isa = PBXTargetDependency;
			target = EEF680522A50238B00F43C4F /* Food-Recipe-SwiftUi */;
			targetProxy = EEF680642A50238C00F43C4F /* PBXContainerItemProxy */;
		};
		EEF6806F2A50238C00F43C4F /* PBXTargetDependency */ = {
			isa = PBXTargetDependency;
			target = EEF680522A50238B00F43C4F /* Food-Recipe-SwiftUi */;
			targetProxy = EEF6806E2A50238C00F43C4F /* PBXContainerItemProxy */;
		};
/* End PBXTargetDependency section */

/* Begin PBXVariantGroup section */
		EEF154C42A519B21007A3641 /* Localizable.strings */ = {
			isa = PBXVariantGroup;
			children = (
				EEF154C32A519B21007A3641 /* en */,
				EEF154C52A519B25007A3641 /* ar */,
			);
			name = Localizable.strings;
			sourceTree = "<group>";
		};
/* End PBXVariantGroup section */

/* Begin XCBuildConfiguration section */
		EEF680752A50238C00F43C4F /* Debug */ = {
			isa = XCBuildConfiguration;
			buildSettings = {
				ALWAYS_SEARCH_USER_PATHS = NO;
				CLANG_ANALYZER_NONNULL = YES;
				CLANG_ANALYZER_NUMBER_OBJECT_CONVERSION = YES_AGGRESSIVE;
				CLANG_CXX_LANGUAGE_STANDARD = "gnu++20";
				CLANG_ENABLE_MODULES = YES;
				CLANG_ENABLE_OBJC_ARC = YES;
				CLANG_ENABLE_OBJC_WEAK = YES;
				CLANG_WARN_BLOCK_CAPTURE_AUTORELEASING = YES;
				CLANG_WARN_BOOL_CONVERSION = YES;
				CLANG_WARN_COMMA = YES;
				CLANG_WARN_CONSTANT_CONVERSION = YES;
				CLANG_WARN_DEPRECATED_OBJC_IMPLEMENTATIONS = YES;
				CLANG_WARN_DIRECT_OBJC_ISA_USAGE = YES_ERROR;
				CLANG_WARN_DOCUMENTATION_COMMENTS = YES;
				CLANG_WARN_EMPTY_BODY = YES;
				CLANG_WARN_ENUM_CONVERSION = YES;
				CLANG_WARN_INFINITE_RECURSION = YES;
				CLANG_WARN_INT_CONVERSION = YES;
				CLANG_WARN_NON_LITERAL_NULL_CONVERSION = YES;
				CLANG_WARN_OBJC_IMPLICIT_RETAIN_SELF = YES;
				CLANG_WARN_OBJC_LITERAL_CONVERSION = YES;
				CLANG_WARN_OBJC_ROOT_CLASS = YES_ERROR;
				CLANG_WARN_QUOTED_INCLUDE_IN_FRAMEWORK_HEADER = YES;
				CLANG_WARN_RANGE_LOOP_ANALYSIS = YES;
				CLANG_WARN_STRICT_PROTOTYPES = YES;
				CLANG_WARN_SUSPICIOUS_MOVE = YES;
				CLANG_WARN_UNGUARDED_AVAILABILITY = YES_AGGRESSIVE;
				CLANG_WARN_UNREACHABLE_CODE = YES;
				CLANG_WARN__DUPLICATE_METHOD_MATCH = YES;
				COPY_PHASE_STRIP = NO;
				DEBUG_INFORMATION_FORMAT = dwarf;
				ENABLE_STRICT_OBJC_MSGSEND = YES;
				ENABLE_TESTABILITY = YES;
				GCC_C_LANGUAGE_STANDARD = gnu11;
				GCC_DYNAMIC_NO_PIC = NO;
				GCC_NO_COMMON_BLOCKS = YES;
				GCC_OPTIMIZATION_LEVEL = 0;
				GCC_PREPROCESSOR_DEFINITIONS = (
					"DEBUG=1",
					"$(inherited)",
				);
				GCC_WARN_64_TO_32_BIT_CONVERSION = YES;
				GCC_WARN_ABOUT_RETURN_TYPE = YES_ERROR;
				GCC_WARN_UNDECLARED_SELECTOR = YES;
				GCC_WARN_UNINITIALIZED_AUTOS = YES_AGGRESSIVE;
				GCC_WARN_UNUSED_FUNCTION = YES;
				GCC_WARN_UNUSED_VARIABLE = YES;
				IPHONEOS_DEPLOYMENT_TARGET = 16.4;
				MTL_ENABLE_DEBUG_INFO = INCLUDE_SOURCE;
				MTL_FAST_MATH = YES;
				ONLY_ACTIVE_ARCH = YES;
				SDKROOT = iphoneos;
				SWIFT_ACTIVE_COMPILATION_CONDITIONS = DEBUG;
				SWIFT_OPTIMIZATION_LEVEL = "-Onone";
			};
			name = Debug;
		};
		EEF680762A50238C00F43C4F /* Release */ = {
			isa = XCBuildConfiguration;
			buildSettings = {
				ALWAYS_SEARCH_USER_PATHS = NO;
				CLANG_ANALYZER_NONNULL = YES;
				CLANG_ANALYZER_NUMBER_OBJECT_CONVERSION = YES_AGGRESSIVE;
				CLANG_CXX_LANGUAGE_STANDARD = "gnu++20";
				CLANG_ENABLE_MODULES = YES;
				CLANG_ENABLE_OBJC_ARC = YES;
				CLANG_ENABLE_OBJC_WEAK = YES;
				CLANG_WARN_BLOCK_CAPTURE_AUTORELEASING = YES;
				CLANG_WARN_BOOL_CONVERSION = YES;
				CLANG_WARN_COMMA = YES;
				CLANG_WARN_CONSTANT_CONVERSION = YES;
				CLANG_WARN_DEPRECATED_OBJC_IMPLEMENTATIONS = YES;
				CLANG_WARN_DIRECT_OBJC_ISA_USAGE = YES_ERROR;
				CLANG_WARN_DOCUMENTATION_COMMENTS = YES;
				CLANG_WARN_EMPTY_BODY = YES;
				CLANG_WARN_ENUM_CONVERSION = YES;
				CLANG_WARN_INFINITE_RECURSION = YES;
				CLANG_WARN_INT_CONVERSION = YES;
				CLANG_WARN_NON_LITERAL_NULL_CONVERSION = YES;
				CLANG_WARN_OBJC_IMPLICIT_RETAIN_SELF = YES;
				CLANG_WARN_OBJC_LITERAL_CONVERSION = YES;
				CLANG_WARN_OBJC_ROOT_CLASS = YES_ERROR;
				CLANG_WARN_QUOTED_INCLUDE_IN_FRAMEWORK_HEADER = YES;
				CLANG_WARN_RANGE_LOOP_ANALYSIS = YES;
				CLANG_WARN_STRICT_PROTOTYPES = YES;
				CLANG_WARN_SUSPICIOUS_MOVE = YES;
				CLANG_WARN_UNGUARDED_AVAILABILITY = YES_AGGRESSIVE;
				CLANG_WARN_UNREACHABLE_CODE = YES;
				CLANG_WARN__DUPLICATE_METHOD_MATCH = YES;
				COPY_PHASE_STRIP = NO;
				DEBUG_INFORMATION_FORMAT = "dwarf-with-dsym";
				ENABLE_NS_ASSERTIONS = NO;
				ENABLE_STRICT_OBJC_MSGSEND = YES;
				GCC_C_LANGUAGE_STANDARD = gnu11;
				GCC_NO_COMMON_BLOCKS = YES;
				GCC_WARN_64_TO_32_BIT_CONVERSION = YES;
				GCC_WARN_ABOUT_RETURN_TYPE = YES_ERROR;
				GCC_WARN_UNDECLARED_SELECTOR = YES;
				GCC_WARN_UNINITIALIZED_AUTOS = YES_AGGRESSIVE;
				GCC_WARN_UNUSED_FUNCTION = YES;
				GCC_WARN_UNUSED_VARIABLE = YES;
				IPHONEOS_DEPLOYMENT_TARGET = 16.4;
				MTL_ENABLE_DEBUG_INFO = NO;
				MTL_FAST_MATH = YES;
				SDKROOT = iphoneos;
				SWIFT_COMPILATION_MODE = wholemodule;
				SWIFT_OPTIMIZATION_LEVEL = "-O";
				VALIDATE_PRODUCT = YES;
			};
			name = Release;
		};
		EEF680782A50238C00F43C4F /* Debug */ = {
			isa = XCBuildConfiguration;
			buildSettings = {
				ASSETCATALOG_COMPILER_APPICON_NAME = AppIcon;
				ASSETCATALOG_COMPILER_GLOBAL_ACCENT_COLOR_NAME = AccentColor;
				CODE_SIGN_STYLE = Automatic;
				CURRENT_PROJECT_VERSION = 1;
				DEVELOPMENT_ASSET_PATHS = "Food-Recipe-SwiftUi/Resources/Assets.xcassets";
				DEVELOPMENT_TEAM = 4U8DMJ33ZN;
				ENABLE_PREVIEWS = YES;
				GENERATE_INFOPLIST_FILE = YES;
				INFOPLIST_KEY_UIApplicationSceneManifest_Generation = YES;
				INFOPLIST_KEY_UIApplicationSupportsIndirectInputEvents = YES;
				INFOPLIST_KEY_UILaunchScreen_Generation = YES;
				INFOPLIST_KEY_UISupportedInterfaceOrientations_iPad = "UIInterfaceOrientationPortrait UIInterfaceOrientationPortraitUpsideDown UIInterfaceOrientationLandscapeLeft UIInterfaceOrientationLandscapeRight";
				INFOPLIST_KEY_UISupportedInterfaceOrientations_iPhone = "UIInterfaceOrientationPortrait UIInterfaceOrientationLandscapeLeft UIInterfaceOrientationLandscapeRight";
				LD_RUNPATH_SEARCH_PATHS = (
					"$(inherited)",
					"@executable_path/Frameworks",
				);
				MARKETING_VERSION = 1.0;
				PRODUCT_BUNDLE_IDENTIFIER = "com.Food-Recipe-SwiftUi";
				PRODUCT_NAME = "$(TARGET_NAME)";
				SWIFT_EMIT_LOC_STRINGS = YES;
				SWIFT_VERSION = 5.0;
				TARGETED_DEVICE_FAMILY = "1,2";
			};
			name = Debug;
		};
		EEF680792A50238C00F43C4F /* Release */ = {
			isa = XCBuildConfiguration;
			buildSettings = {
				ASSETCATALOG_COMPILER_APPICON_NAME = AppIcon;
				ASSETCATALOG_COMPILER_GLOBAL_ACCENT_COLOR_NAME = AccentColor;
				CODE_SIGN_STYLE = Automatic;
				CURRENT_PROJECT_VERSION = 1;
				DEVELOPMENT_ASSET_PATHS = "Food-Recipe-SwiftUi/Resources/Assets.xcassets";
				DEVELOPMENT_TEAM = 4U8DMJ33ZN;
				ENABLE_PREVIEWS = YES;
				GENERATE_INFOPLIST_FILE = YES;
				INFOPLIST_KEY_UIApplicationSceneManifest_Generation = YES;
				INFOPLIST_KEY_UIApplicationSupportsIndirectInputEvents = YES;
				INFOPLIST_KEY_UILaunchScreen_Generation = YES;
				INFOPLIST_KEY_UISupportedInterfaceOrientations_iPad = "UIInterfaceOrientationPortrait UIInterfaceOrientationPortraitUpsideDown UIInterfaceOrientationLandscapeLeft UIInterfaceOrientationLandscapeRight";
				INFOPLIST_KEY_UISupportedInterfaceOrientations_iPhone = "UIInterfaceOrientationPortrait UIInterfaceOrientationLandscapeLeft UIInterfaceOrientationLandscapeRight";
				LD_RUNPATH_SEARCH_PATHS = (
					"$(inherited)",
					"@executable_path/Frameworks",
				);
				MARKETING_VERSION = 1.0;
				PRODUCT_BUNDLE_IDENTIFIER = "com.Food-Recipe-SwiftUi";
				PRODUCT_NAME = "$(TARGET_NAME)";
				SWIFT_EMIT_LOC_STRINGS = YES;
				SWIFT_VERSION = 5.0;
				TARGETED_DEVICE_FAMILY = "1,2";
			};
			name = Release;
		};
		EEF6807B2A50238C00F43C4F /* Debug */ = {
			isa = XCBuildConfiguration;
			buildSettings = {
				ALWAYS_EMBED_SWIFT_STANDARD_LIBRARIES = YES;
				BUNDLE_LOADER = "$(TEST_HOST)";
				CODE_SIGN_STYLE = Automatic;
				CURRENT_PROJECT_VERSION = 1;
				DEVELOPMENT_TEAM = 4U8DMJ33ZN;
				GENERATE_INFOPLIST_FILE = YES;
				IPHONEOS_DEPLOYMENT_TARGET = 16.4;
				MARKETING_VERSION = 1.0;
				PRODUCT_BUNDLE_IDENTIFIER = "com.Food-Recipe-SwiftUiTests";
				PRODUCT_NAME = "$(TARGET_NAME)";
				SWIFT_EMIT_LOC_STRINGS = NO;
				SWIFT_VERSION = 5.0;
				TARGETED_DEVICE_FAMILY = "1,2";
				TEST_HOST = "$(BUILT_PRODUCTS_DIR)/Food-Recipe-SwiftUi.app/$(BUNDLE_EXECUTABLE_FOLDER_PATH)/Food-Recipe-SwiftUi";
			};
			name = Debug;
		};
		EEF6807C2A50238C00F43C4F /* Release */ = {
			isa = XCBuildConfiguration;
			buildSettings = {
				ALWAYS_EMBED_SWIFT_STANDARD_LIBRARIES = YES;
				BUNDLE_LOADER = "$(TEST_HOST)";
				CODE_SIGN_STYLE = Automatic;
				CURRENT_PROJECT_VERSION = 1;
				DEVELOPMENT_TEAM = 4U8DMJ33ZN;
				GENERATE_INFOPLIST_FILE = YES;
				IPHONEOS_DEPLOYMENT_TARGET = 16.4;
				MARKETING_VERSION = 1.0;
				PRODUCT_BUNDLE_IDENTIFIER = "com.Food-Recipe-SwiftUiTests";
				PRODUCT_NAME = "$(TARGET_NAME)";
				SWIFT_EMIT_LOC_STRINGS = NO;
				SWIFT_VERSION = 5.0;
				TARGETED_DEVICE_FAMILY = "1,2";
				TEST_HOST = "$(BUILT_PRODUCTS_DIR)/Food-Recipe-SwiftUi.app/$(BUNDLE_EXECUTABLE_FOLDER_PATH)/Food-Recipe-SwiftUi";
			};
			name = Release;
		};
		EEF6807E2A50238C00F43C4F /* Debug */ = {
			isa = XCBuildConfiguration;
			buildSettings = {
				ALWAYS_EMBED_SWIFT_STANDARD_LIBRARIES = YES;
				CODE_SIGN_STYLE = Automatic;
				CURRENT_PROJECT_VERSION = 1;
				DEVELOPMENT_TEAM = 4U8DMJ33ZN;
				GENERATE_INFOPLIST_FILE = YES;
				MARKETING_VERSION = 1.0;
				PRODUCT_BUNDLE_IDENTIFIER = "com.Food-Recipe-SwiftUiUITests";
				PRODUCT_NAME = "$(TARGET_NAME)";
				SWIFT_EMIT_LOC_STRINGS = NO;
				SWIFT_VERSION = 5.0;
				TARGETED_DEVICE_FAMILY = "1,2";
				TEST_TARGET_NAME = "Food-Recipe-SwiftUi";
			};
			name = Debug;
		};
		EEF6807F2A50238C00F43C4F /* Release */ = {
			isa = XCBuildConfiguration;
			buildSettings = {
				ALWAYS_EMBED_SWIFT_STANDARD_LIBRARIES = YES;
				CODE_SIGN_STYLE = Automatic;
				CURRENT_PROJECT_VERSION = 1;
				DEVELOPMENT_TEAM = 4U8DMJ33ZN;
				GENERATE_INFOPLIST_FILE = YES;
				MARKETING_VERSION = 1.0;
				PRODUCT_BUNDLE_IDENTIFIER = "com.Food-Recipe-SwiftUiUITests";
				PRODUCT_NAME = "$(TARGET_NAME)";
				SWIFT_EMIT_LOC_STRINGS = NO;
				SWIFT_VERSION = 5.0;
				TARGETED_DEVICE_FAMILY = "1,2";
				TEST_TARGET_NAME = "Food-Recipe-SwiftUi";
			};
			name = Release;
		};
/* End XCBuildConfiguration section */

/* Begin XCConfigurationList section */
		EEF6804E2A50238B00F43C4F /* Build configuration list for PBXProject "Food-Recipe-SwiftUi" */ = {
			isa = XCConfigurationList;
			buildConfigurations = (
				EEF680752A50238C00F43C4F /* Debug */,
				EEF680762A50238C00F43C4F /* Release */,
			);
			defaultConfigurationIsVisible = 0;
			defaultConfigurationName = Release;
		};
		EEF680772A50238C00F43C4F /* Build configuration list for PBXNativeTarget "Food-Recipe-SwiftUi" */ = {
			isa = XCConfigurationList;
			buildConfigurations = (
				EEF680782A50238C00F43C4F /* Debug */,
				EEF680792A50238C00F43C4F /* Release */,
			);
			defaultConfigurationIsVisible = 0;
			defaultConfigurationName = Release;
		};
		EEF6807A2A50238C00F43C4F /* Build configuration list for PBXNativeTarget "Food-Recipe-SwiftUiTests" */ = {
			isa = XCConfigurationList;
			buildConfigurations = (
				EEF6807B2A50238C00F43C4F /* Debug */,
				EEF6807C2A50238C00F43C4F /* Release */,
			);
			defaultConfigurationIsVisible = 0;
			defaultConfigurationName = Release;
		};
		EEF6807D2A50238C00F43C4F /* Build configuration list for PBXNativeTarget "Food-Recipe-SwiftUiUITests" */ = {
			isa = XCConfigurationList;
			buildConfigurations = (
				EEF6807E2A50238C00F43C4F /* Debug */,
				EEF6807F2A50238C00F43C4F /* Release */,
			);
			defaultConfigurationIsVisible = 0;
			defaultConfigurationName = Release;
		};
/* End XCConfigurationList section */
	};
	rootObject = EEF6804B2A50238B00F43C4F /* Project object */;
}
